
Microsoft Visual Studio Solution File, Format Version 12.00
# Visual Studio 14
VisualStudioVersion = 14.0.25420.1
MinimumVisualStudioVersion = 10.0.40219.1
Project("{8BC9CEB8-8B4A-11D0-8D11-00A0C91BC942}") = "MQL2FT", "MQL2FT\MQL2FT.vcxproj", "{0F25E459-ACA8-45C9-AF0F-24FFD1C0C110}"
EndProject
Project("{8BC9CEB8-8B4A-11D0-8D11-00A0C91BC942}") = "Translator", "Translator\Translator.vcxproj", "{A9762991-1B57-4DCE-90C0-EE42B96947BE}"
EndProject
Global
	GlobalSection(SolutionConfigurationPlatforms) = preSolution
		Debug DLL|x64 = Debug DLL|x64
		Debug DLL|x86 = Debug DLL|x86
		Debug Static|x64 = Debug Static|x64
		Debug Static|x86 = Debug Static|x86
		Debug_Indicator|x64 = Debug_Indicator|x64
		Debug_Indicator|x86 = Debug_Indicator|x86
		Debug_Strategy|x64 = Debug_Strategy|x64
		Debug_Strategy|x86 = Debug_Strategy|x86
		Debug|x64 = Debug|x64
		Debug|x86 = Debug|x86
		Release DLL|x64 = Release DLL|x64
		Release DLL|x86 = Release DLL|x86
		Release Static|x64 = Release Static|x64
		Release Static|x86 = Release Static|x86
		Release_Indicator|x64 = Release_Indicator|x64
		Release_Indicator|x86 = Release_Indicator|x86
		Release_Strategy|x64 = Release_Strategy|x64
		Release_Strategy|x86 = Release_Strategy|x86
		Release|x64 = Release|x64
		Release|x86 = Release|x86
	EndGlobalSection
	GlobalSection(ProjectConfigurationPlatforms) = postSolution
		{0F25E459-ACA8-45C9-AF0F-24FFD1C0C110}.Debug DLL|x64.ActiveCfg = Debug|x64
		{0F25E459-ACA8-45C9-AF0F-24FFD1C0C110}.Debug DLL|x64.Build.0 = Debug|x64
		{0F25E459-ACA8-45C9-AF0F-24FFD1C0C110}.Debug DLL|x86.ActiveCfg = Debug|Win32
		{0F25E459-ACA8-45C9-AF0F-24FFD1C0C110}.Debug DLL|x86.Build.0 = Debug|Win32
		{0F25E459-ACA8-45C9-AF0F-24FFD1C0C110}.Debug Static|x64.ActiveCfg = Debug|x64
		{0F25E459-ACA8-45C9-AF0F-24FFD1C0C110}.Debug Static|x64.Build.0 = Debug|x64
		{0F25E459-ACA8-45C9-AF0F-24FFD1C0C110}.Debug Static|x86.ActiveCfg = Debug|Win32
		{0F25E459-ACA8-45C9-AF0F-24FFD1C0C110}.Debug Static|x86.Build.0 = Debug|Win32
		{0F25E459-ACA8-45C9-AF0F-24FFD1C0C110}.Debug_Indicator|x64.ActiveCfg = Debug_Indicator|x64
		{0F25E459-ACA8-45C9-AF0F-24FFD1C0C110}.Debug_Indicator|x64.Build.0 = Debug_Indicator|x64
		{0F25E459-ACA8-45C9-AF0F-24FFD1C0C110}.Debug_Indicator|x86.ActiveCfg = Debug_Indicator|Win32
		{0F25E459-ACA8-45C9-AF0F-24FFD1C0C110}.Debug_Indicator|x86.Build.0 = Debug_Indicator|Win32
		{0F25E459-ACA8-45C9-AF0F-24FFD1C0C110}.Debug_Strategy|x64.ActiveCfg = Debug_Strategy|x64
		{0F25E459-ACA8-45C9-AF0F-24FFD1C0C110}.Debug_Strategy|x64.Build.0 = Debug_Strategy|x64
		{0F25E459-ACA8-45C9-AF0F-24FFD1C0C110}.Debug_Strategy|x86.ActiveCfg = Debug_Strategy|Win32
		{0F25E459-ACA8-45C9-AF0F-24FFD1C0C110}.Debug_Strategy|x86.Build.0 = Debug_Strategy|Win32
		{0F25E459-ACA8-45C9-AF0F-24FFD1C0C110}.Debug|x64.ActiveCfg = Debug|x64
		{0F25E459-ACA8-45C9-AF0F-24FFD1C0C110}.Debug|x64.Build.0 = Debug|x64
		{0F25E459-ACA8-45C9-AF0F-24FFD1C0C110}.Debug|x86.ActiveCfg = Debug|Win32
		{0F25E459-ACA8-45C9-AF0F-24FFD1C0C110}.Debug|x86.Build.0 = Debug|Win32
		{0F25E459-ACA8-45C9-AF0F-24FFD1C0C110}.Release DLL|x64.ActiveCfg = Release|x64
		{0F25E459-ACA8-45C9-AF0F-24FFD1C0C110}.Release DLL|x64.Build.0 = Release|x64
		{0F25E459-ACA8-45C9-AF0F-24FFD1C0C110}.Release DLL|x86.ActiveCfg = Release|Win32
		{0F25E459-ACA8-45C9-AF0F-24FFD1C0C110}.Release DLL|x86.Build.0 = Release|Win32
		{0F25E459-ACA8-45C9-AF0F-24FFD1C0C110}.Release Static|x64.ActiveCfg = Release|x64
		{0F25E459-ACA8-45C9-AF0F-24FFD1C0C110}.Release Static|x64.Build.0 = Release|x64
		{0F25E459-ACA8-45C9-AF0F-24FFD1C0C110}.Release Static|x86.ActiveCfg = Release|Win32
		{0F25E459-ACA8-45C9-AF0F-24FFD1C0C110}.Release Static|x86.Build.0 = Release|Win32
		{0F25E459-ACA8-45C9-AF0F-24FFD1C0C110}.Release_Indicator|x64.ActiveCfg = Release_Indicator|x64
		{0F25E459-ACA8-45C9-AF0F-24FFD1C0C110}.Release_Indicator|x64.Build.0 = Release_Indicator|x64
		{0F25E459-ACA8-45C9-AF0F-24FFD1C0C110}.Release_Indicator|x86.ActiveCfg = Release_Indicator|Win32
		{0F25E459-ACA8-45C9-AF0F-24FFD1C0C110}.Release_Indicator|x86.Build.0 = Release_Indicator|Win32
		{0F25E459-ACA8-45C9-AF0F-24FFD1C0C110}.Release_Strategy|x64.ActiveCfg = Release_Strategy|x64
		{0F25E459-ACA8-45C9-AF0F-24FFD1C0C110}.Release_Strategy|x64.Build.0 = Release_Strategy|x64
		{0F25E459-ACA8-45C9-AF0F-24FFD1C0C110}.Release_Strategy|x86.ActiveCfg = Release_Strategy|Win32
		{0F25E459-ACA8-45C9-AF0F-24FFD1C0C110}.Release_Strategy|x86.Build.0 = Release_Strategy|Win32
		{0F25E459-ACA8-45C9-AF0F-24FFD1C0C110}.Release|x64.ActiveCfg = Release|x64
		{0F25E459-ACA8-45C9-AF0F-24FFD1C0C110}.Release|x64.Build.0 = Release|x64
		{0F25E459-ACA8-45C9-AF0F-24FFD1C0C110}.Release|x86.ActiveCfg = Release|Win32
		{0F25E459-ACA8-45C9-AF0F-24FFD1C0C110}.Release|x86.Build.0 = Release|Win32
		{A9762991-1B57-4DCE-90C0-EE42B96947BE}.Debug DLL|x64.ActiveCfg = Debug DLL|x64
		{A9762991-1B57-4DCE-90C0-EE42B96947BE}.Debug DLL|x64.Build.0 = Debug DLL|x64
		{A9762991-1B57-4DCE-90C0-EE42B96947BE}.Debug DLL|x86.ActiveCfg = Debug DLL|Win32
		{A9762991-1B57-4DCE-90C0-EE42B96947BE}.Debug DLL|x86.Build.0 = Debug DLL|Win32
		{A9762991-1B57-4DCE-90C0-EE42B96947BE}.Debug Static|x64.ActiveCfg = Debug Static|x64
		{A9762991-1B57-4DCE-90C0-EE42B96947BE}.Debug Static|x64.Build.0 = Debug Static|x64
		{A9762991-1B57-4DCE-90C0-EE42B96947BE}.Debug Static|x86.ActiveCfg = Debug Static|Win32
		{A9762991-1B57-4DCE-90C0-EE42B96947BE}.Debug Static|x86.Build.0 = Debug Static|Win32
		{A9762991-1B57-4DCE-90C0-EE42B96947BE}.Debug_Indicator|x64.ActiveCfg = Debug Static|x64
		{A9762991-1B57-4DCE-90C0-EE42B96947BE}.Debug_Indicator|x64.Build.0 = Debug Static|x64
		{A9762991-1B57-4DCE-90C0-EE42B96947BE}.Debug_Indicator|x86.ActiveCfg = Debug Static|Win32
		{A9762991-1B57-4DCE-90C0-EE42B96947BE}.Debug_Indicator|x86.Build.0 = Debug Static|Win32
		{A9762991-1B57-4DCE-90C0-EE42B96947BE}.Debug_Strategy|x64.ActiveCfg = Debug Static|x64
		{A9762991-1B57-4DCE-90C0-EE42B96947BE}.Debug_Strategy|x64.Build.0 = Debug Static|x64
		{A9762991-1B57-4DCE-90C0-EE42B96947BE}.Debug_Strategy|x86.ActiveCfg = Debug Static|Win32
		{A9762991-1B57-4DCE-90C0-EE42B96947BE}.Debug_Strategy|x86.Build.0 = Debug Static|Win32
		{A9762991-1B57-4DCE-90C0-EE42B96947BE}.Debug|x64.ActiveCfg = Debug Static|x64
		{A9762991-1B57-4DCE-90C0-EE42B96947BE}.Debug|x64.Build.0 = Debug Static|x64
		{A9762991-1B57-4DCE-90C0-EE42B96947BE}.Debug|x86.ActiveCfg = Debug Static|Win32
		{A9762991-1B57-4DCE-90C0-EE42B96947BE}.Debug|x86.Build.0 = Debug Static|Win32
		{A9762991-1B57-4DCE-90C0-EE42B96947BE}.Release DLL|x64.ActiveCfg = Release DLL|x64
		{A9762991-1B57-4DCE-90C0-EE42B96947BE}.Release DLL|x64.Build.0 = Release DLL|x64
		{A9762991-1B57-4DCE-90C0-EE42B96947BE}.Release DLL|x86.ActiveCfg = Release DLL|Win32
		{A9762991-1B57-4DCE-90C0-EE42B96947BE}.Release DLL|x86.Build.0 = Release DLL|Win32
		{A9762991-1B57-4DCE-90C0-EE42B96947BE}.Release Static|x64.ActiveCfg = Release Static|x64
		{A9762991-1B57-4DCE-90C0-EE42B96947BE}.Release Static|x64.Build.0 = Release Static|x64
		{A9762991-1B57-4DCE-90C0-EE42B96947BE}.Release Static|x86.ActiveCfg = Release Static|Win32
		{A9762991-1B57-4DCE-90C0-EE42B96947BE}.Release Static|x86.Build.0 = Release Static|Win32
		{A9762991-1B57-4DCE-90C0-EE42B96947BE}.Release_Indicator|x64.ActiveCfg = Release Static|x64
		{A9762991-1B57-4DCE-90C0-EE42B96947BE}.Release_Indicator|x64.Build.0 = Release Static|x64
		{A9762991-1B57-4DCE-90C0-EE42B96947BE}.Release_Indicator|x86.ActiveCfg = Release Static|Win32
		{A9762991-1B57-4DCE-90C0-EE42B96947BE}.Release_Indicator|x86.Build.0 = Release Static|Win32
		{A9762991-1B57-4DCE-90C0-EE42B96947BE}.Release_Strategy|x64.ActiveCfg = Release Static|x64
		{A9762991-1B57-4DCE-90C0-EE42B96947BE}.Release_Strategy|x64.Build.0 = Release Static|x64
		{A9762991-1B57-4DCE-90C0-EE42B96947BE}.Release_Strategy|x86.ActiveCfg = Release Static|Win32
		{A9762991-1B57-4DCE-90C0-EE42B96947BE}.Release_Strategy|x86.Build.0 = Release Static|Win32
		{A9762991-1B57-4DCE-90C0-EE42B96947BE}.Release|x64.ActiveCfg = Release Static|x64
		{A9762991-1B57-4DCE-90C0-EE42B96947BE}.Release|x64.Build.0 = Release Static|x64
		{A9762991-1B57-4DCE-90C0-EE42B96947BE}.Release|x86.ActiveCfg = Release Static|Win32
		{A9762991-1B57-4DCE-90C0-EE42B96947BE}.Release|x86.Build.0 = Release Static|Win32
	EndGlobalSection
	GlobalSection(SolutionProperties) = preSolution
		HideSolutionNode = FALSE
	EndGlobalSection
EndGlobal
